---
lockfileVersion: '9.0'

importers:

  .:
    configDependencies: {}
    packageManagerDependencies:
      pnpm:
        specifier: ^12.3.1
        version: 12.3.1

packages:

  '@pnpm/exe.darwin-arm64@12.3.1':
    resolution: {integrity: sha512-Yer+aZnQtgE+OOLKwbRHaAEt74WBJdH8eXpLrSWf+5vj7DkkDvhSR45HVxN3a5d430fMUyF0lmQai02T650r4g==}
    cpu: [arm64]
    os: [darwin]

  '@pnpm/exe.darwin-x64@12.3.1':
    resolution: {integrity: sha512-XPZYf+XpxufwZS8tpQQdftsv6eUtPDA0uU5NlfXA1uMVPvXJesw5PLGWmmJZHcI4rIscn2H6FngkIcvkuZaaKQ==}
    cpu: [x64]
    os: [darwin]

  '@pnpm/exe.linux-arm64-musl@12.3.1':
    resolution: {integrity: sha512-WjKcLeuierWGSQHjb0QeDl8avQTel8rN5jDMCI55tBJTrTBXNQsdlpgzP9uCD0GSzjPH+hjWKb+GjeMNvv5Ruw==}
    cpu: [arm64]
    os: [linux]
    libc: [musl]

  '@pnpm/exe.linux-arm64@12.3.1':
    resolution: {integrity: sha512-X0HxHlEYubFRuMPBOy+ytKsv6c11v4em/ovVVCy5KCdJVBtVGF7vF5ywlGqw7EjpGdqM39pdLTWFwH9Q77lUzQ==}
    cpu: [arm64]
    os: [linux]
    libc: [glibc]

  '@pnpm/exe.linux-x64-musl@12.3.1':
    resolution: {integrity: sha512-ZvzQI2+Ek0v+V6m30XV3ShIx5sm+ZIZoM669Z0F/RvMSpHgklqv3CBdEwAsQCZ7XBNZLMQIE7RPR2yIwxt3mnw==}
    cpu: [x64]
    os: [linux]
    libc: [musl]

  '@pnpm/exe.linux-x64@12.3.1':
    resolution: {integrity: sha512-ubvbQ2OSt7fR3kSnhtknx5xnm2H7uRi0kC32ADmzKJ1vZz337kmL30rTHoUzTG7ZcIyEhODg7R+zI1cW1ZdVDw==}
    cpu: [x64]
    os: [linux]
    libc: [glibc]

  '@pnpm/exe.win32-arm64@12.3.1':
    resolution: {integrity: sha512-e+5CjFBGWP7U7RfFlH/EQnlFaP9Uyo/Y0BDCEbitsC4if28WBur3ajAkc25rRwiEwmmEpipTSzqNsKIs9Mq72Q==}
    cpu: [arm64]
    os: [win32]

  '@pnpm/exe.win32-x64@12.3.1':
    resolution: {integrity: sha512-5pW8NQuVF3dkNdaUCm03PeoDiC5I9h4y9Fz717KLWi5jxDKmgARmD1zDdm60F5ohRZHPrRv/jAg94a/5+VXxow==}
    cpu: [x64]
    os: [win32]

  pnpm@12.3.1:
    resolution: {integrity: sha512-PBTBVAjRSJ01D47X+TNh0mzHBwVPaEmk7qO7dAf/T+RWS0E6HEIadzoXarEWio3xx9VI8s0Nx9NE9YxOaApbGA==}
    engines: {node: '>=18.*'}
    hasBin: true

snapshots:

  '@pnpm/exe.darwin-arm64@12.3.1':
    optional: true

  '@pnpm/exe.darwin-x64@12.3.1':
    optional: true

  '@pnpm/exe.linux-arm64-musl@12.3.1':
    optional: true

  '@pnpm/exe.linux-arm64@12.3.1':
    optional: true

  '@pnpm/exe.linux-x64-musl@12.3.1':
    optional: true

  '@pnpm/exe.linux-x64@12.3.1':
    optional: true

  '@pnpm/exe.win32-arm64@12.3.1':
    optional: true

  '@pnpm/exe.win32-x64@12.3.1':
    optional: true

  pnpm@12.3.1:
    optionalDependencies:
      '@pnpm/exe.darwin-arm64': 12.3.1
      '@pnpm/exe.darwin-x64': 12.3.1
      '@pnpm/exe.linux-arm64': 12.3.1
      '@pnpm/exe.linux-arm64-musl': 12.3.1
      '@pnpm/exe.linux-x64': 12.3.1
      '@pnpm/exe.linux-x64-musl': 12.3.1
      '@pnpm/exe.win32-arm64': 12.3.1
      '@pnpm/exe.win32-x64': 12.3.1

---
lockfileVersion: '9.0'

settings:
  autoInstallPeers: true
  excludeLinksFromLockfile: false

overrides:
  brace-expansion@<=5.0.7: ^5.0.8
  chokidar: '>=5'
  semver: '>=7'

importers:

  .:
    devDependencies:
      node:
        specifier: runtime:^24.20.0
        version: runtime:24.20.0

packages:

  node@runtime:24.20.0:
    resolution:
      type: variations
      variants:
        - resolution:
            archive: tarball
            bin:
              node: bin/node
            integrity: sha256-FLW9etQKtfRxX7Ti+WSFjYINlCX+KR09ZfmJJua4nB4=
            type: binary
            url: https://nodejs.org/download/release/v24.20.0/node-v24.20.0-aix-ppc64.tar.gz
          targets:
            - cpu: ppc64
              os: aix
        - resolution:
            archive: tarball
            bin:
              node: bin/node
            integrity: sha256-QOVgfl7LPbkZJyN3baLXXZZiYPx0p6nnMcG9Z92pa8g=
            type: binary
            url: https://nodejs.org/download/release/v24.20.0/node-v24.20.0-darwin-arm64.tar.gz
          targets:
            - cpu: arm64
              os: darwin
        - resolution:
            archive: tarball
            bin:
              node: bin/node
            integrity: sha256-nlsmRM8Qe++2rvymdrltMpa8EBOAlvAi7TeNYjPtgfQ=
            type: binary
            url: https://nodejs.org/download/release/v24.20.0/node-v24.20.0-darwin-x64.tar.gz
          targets:
            - cpu: x64
              os: darwin
        - resolution:
            archive: tarball
            bin:
              node: bin/node
            integrity: sha256-NRVgPiSHh5o5vHVxbxoq/9AnUAxkulDoRc9yyzMhkBM=
            type: binary
            url: https://nodejs.org/download/release/v24.20.0/node-v24.20.0-linux-arm64.tar.gz
          targets:
            - cpu: arm64
              os: linux
        - resolution:
            archive: tarball
            bin:
              node: bin/node
            integrity: sha256-pzSzbI0dFs5FXA65wymwfdEhwshVQ1UGSphhvJbDrcw=
            type: binary
            url: https://nodejs.org/download/release/v24.20.0/node-v24.20.0-linux-ppc64le.tar.gz
          targets:
            - cpu: ppc64le
              os: linux
        - resolution:
            archive: tarball
            bin:
              node: bin/node
            integrity: sha256-2MIktG7wHweKUj2bfbeSgjBvrigemGoVotv/6UfFMB4=
            type: binary
            url: https://nodejs.org/download/release/v24.20.0/node-v24.20.0-linux-s390x.tar.gz
          targets:
            - cpu: s390x
              os: linux
        - resolution:
            archive: tarball
            bin:
              node: bin/node
            integrity: sha256-1ubRu7mtSssW1YC4m+ipyafkkJJuk708MKINRuFSv4o=
            type: binary
            url: https://nodejs.org/download/release/v24.20.0/node-v24.20.0-linux-x64-musl.tar.gz
          targets:
            - cpu: x64
              os: linux
              libc: musl
        - resolution:
            archive: tarball
            bin:
              node: bin/node
            integrity: sha256-hV1YH4pOsagRfjQm3iX+AncFkv68+zE2mu4f+/7p6Ow=
            type: binary
            url: https://nodejs.org/download/release/v24.20.0/node-v24.20.0-linux-x64.tar.gz
          targets:
            - cpu: x64
              os: linux
        - resolution:
            archive: zip
            bin:
              node: node.exe
            integrity: sha256-McZ5l0TeilRgFkMJgEDGjDaX5WyU5AfWHQ5fpfNBkdc=
            prefix: node-v24.20.0-win-arm64
            type: binary
            url: https://nodejs.org/download/release/v24.20.0/node-v24.20.0-win-arm64.zip
          targets:
            - cpu: arm64
              os: win32
        - resolution:
            archive: zip
            bin:
              node: node.exe
            integrity: sha256-bKyf+8qPakcJHktcdy4GBgScOHHLZ9kAwM7d5jDlRbo=
            prefix: node-v24.20.0-win-x64
            type: binary
            url: https://nodejs.org/download/release/v24.20.0/node-v24.20.0-win-x64.zip
          targets:
            - cpu: x64
              os: win32
        - resolution:
            archive: tarball
            bin:
              node: bin/node
            integrity: sha256-LIxQfMsPIIEtlSa6jKRUsWUqre9o/IutBvB/sRIt0e8=
            type: binary
            url: https://unofficial-builds.nodejs.org/download/release/v24.20.0/node-v24.20.0-linux-arm64-musl.tar.gz
          targets:
            - cpu: arm64
              os: linux
              libc: musl
        - resolution:
            archive: tarball
            bin:
              node: bin/node
            integrity: sha256-muE5n+9L2JkOFXc84TJ7M2oguel9jHVJ9PQspzxD9WI=
            type: binary
            url: https://unofficial-builds.nodejs.org/download/release/v24.20.0/node-v24.20.0-linux-x64-musl.tar.gz
          targets:
            - cpu: x64
              os: linux
              libc: musl
    version: 24.20.0
    hasBin: true

snapshots:

  node@runtime:24.20.0: {}
